
Microsoft Visual Studio Solution File, Format Version 12.00
# Visual Studio Version 17
VisualStudioVersion = 17.2.32526.322
MinimumVisualStudioVersion = 10.0.40219.1
Project("{8BC9CEB8-8B4A-11D0-8D11-00A0C91BC942}") = "Perforce assesment", "Perforce assesment\Perforce assesment.vcxproj", "{B61DE4E1-C111-46D5-A4DE-019B24BB86FB}"
EndProject
Global
	GlobalSection(SolutionConfigurationPlatforms) = preSolution
		Debug|x64 = Debug|x64
		Debug|x86 = Debug|x86
		Release|x64 = Release|x64
		Release|x86 = Release|x86
	EndGlobalSection
	GlobalSection(ProjectConfigurationPlatforms) = postSolution
		{B61DE4E1-C111-46D5-A4DE-019B24BB86FB}.Debug|x64.ActiveCfg = Debug|x64
		{B61DE4E1-C111-46D5-A4DE-019B24BB86FB}.Debug|x64.Build.0 = Debug|x64
		{B61DE4E1-C111-46D5-A4DE-019B24BB86FB}.Debug|x86.ActiveCfg = Debug|Win32
		{B61DE4E1-C111-46D5-A4DE-019B24BB86FB}.Debug|x86.Build.0 = Debug|Win32
		{B61DE4E1-C111-46D5-A4DE-019B24BB86FB}.Release|x64.ActiveCfg = Release|x64
		{B61DE4E1-C111-46D5-A4DE-019B24BB86FB}.Release|x64.Build.0 = Release|x64
		{B61DE4E1-C111-46D5-A4DE-019B24BB86FB}.Release|x86.ActiveCfg = Release|Win32
		{B61DE4E1-C111-46D5-A4DE-019B24BB86FB}.Release|x86.Build.0 = Release|Win32
	EndGlobalSection
	GlobalSection(SolutionProperties) = preSolution
		HideSolutionNode = FALSE
	EndGlobalSection
	GlobalSection(ExtensibilityGlobals) = postSolution
		SolutionGuid = {F6EB161B-FD12-4DC5-8D5C-F91B5127EF8E}
	EndGlobalSection
EndGlobal
